#MicroXplorer Configuration settings - do not modify
ADC.ClockPrescaler=ADC_CLOCK_SYNC_PCLK_DIV4
ADC.ContinuousConvMode=DISABLE
ADC.DiscontinuousConvMode=ENABLE
ADC.IPParameters=SamplingTime,Resolution,ContinuousConvMode,ClockPrescaler,DiscontinuousConvMode,LowPowerFrequencyMode,LowPowerAutoWait,LowPowerAutoPowerOff
ADC.LowPowerAutoPowerOff=DISABLE
ADC.LowPowerAutoWait=DISABLE
ADC.LowPowerFrequencyMode=DISABLE
ADC.Resolution=ADC_RESOLUTION_12B
ADC.SamplingTime=ADC_SAMPLETIME_160CYCLES_5
File.Version=6
GPIO.groupedBy=Group By Peripherals
KeepUserPlacement=false
LPTIM1.ClockPrescaler=LPTIM_PRESCALER_DIV1
LPTIM1.IPParameters=ClockPrescaler
LPUART1.BaudRate=9600
LPUART1.DMADisableonRxErrorParam=UART_ADVFEATURE_DMA_ENABLEONRXERROR
LPUART1.IPParameters=BaudRate,WordLength,OverrunDisableParam,DMADisableonRxErrorParam,OneBitSampling
LPUART1.OneBitSampling=UART_ONE_BIT_SAMPLE_ENABLE
LPUART1.OverrunDisableParam=UART_ADVFEATURE_OVERRUN_ENABLE
LPUART1.WordLength=UART_WORDLENGTH_8B
Mcu.CPN=STM32L011F3U3TR
Mcu.Family=STM32L0
Mcu.IP0=ADC
Mcu.IP1=LPTIM1
Mcu.IP2=LPUART1
Mcu.IP3=NVIC
Mcu.IP4=RCC
Mcu.IP5=SYS
Mcu.IPNb=6
Mcu.Name=STM32L011F(3-4)Ux
Mcu.Package=UFQFPN20
Mcu.Pin0=PA0-CK_IN
Mcu.Pin1=PA1
Mcu.Pin10=PA14
Mcu.Pin11=PB6
Mcu.Pin12=PB7
Mcu.Pin13=VP_LPTIM1_VS_LPTIM_counterModeInternalClock
Mcu.Pin2=PA4
Mcu.Pin3=PA5
Mcu.Pin4=PA6
Mcu.Pin5=PA7
Mcu.Pin6=PB1
Mcu.Pin7=PA9
Mcu.Pin8=PA10
Mcu.Pin9=PA13
Mcu.PinsNb=14
Mcu.ThirdPartyNb=0
Mcu.UserConstants=
Mcu.UserName=STM32L011F3Ux
MxCube.Version=6.6.1
MxDb.Version=DB.6.0.60
NVIC.ADC1_COMP_IRQn=true\:0\:0\:false\:false\:true\:true\:true\:true
NVIC.EXTI0_1_IRQn=true\:3\:0\:true\:false\:true\:true\:true\:true
NVIC.EXTI4_15_IRQn=true\:3\:0\:true\:false\:true\:true\:true\:true
NVIC.ForceEnableDMAVector=false
NVIC.HardFault_IRQn=true\:0\:0\:false\:false\:true\:false\:false\:false
NVIC.LPUART1_IRQn=true\:2\:0\:true\:false\:true\:true\:true\:true
NVIC.NonMaskableInt_IRQn=true\:0\:0\:false\:false\:true\:false\:false\:false
NVIC.PendSV_IRQn=true\:0\:0\:false\:false\:true\:false\:false\:false
NVIC.SVC_IRQn=true\:0\:0\:false\:false\:true\:false\:false\:true
NVIC.SysTick_IRQn=true\:3\:0\:false\:false\:true\:false\:true\:false
PA0-CK_IN.GPIOParameters=GPIO_PuPd,GPIO_Label
PA0-CK_IN.GPIO_Label=CDS_En
PA0-CK_IN.GPIO_PuPd=GPIO_NOPULL
PA0-CK_IN.Locked=true
PA0-CK_IN.Signal=GPIO_Output
PA1.GPIOParameters=GPIO_PuPd,GPIO_Label,GPIO_ModeDefaultEXTI
PA1.GPIO_Label=KEY_UP
PA1.GPIO_ModeDefaultEXTI=GPIO_MODE_IT_FALLING
PA1.GPIO_PuPd=GPIO_PULLUP
PA1.Locked=true
PA1.Signal=GPXTI1
PA10.GPIOParameters=GPIO_PuPd,GPIO_Label,GPIO_ModeDefaultOutputPP
PA10.GPIO_Label=CH_SEL2
PA10.GPIO_ModeDefaultOutputPP=GPIO_MODE_OUTPUT_PP
PA10.GPIO_PuPd=GPIO_NOPULL
PA10.Locked=true
PA10.Signal=GPIO_Output
PA13.Mode=Serial_Wire
PA13.Signal=SYS_SWDIO
PA14.Mode=Serial_Wire
PA14.Signal=SYS_SWCLK
PA4.GPIOParameters=GPIO_PuPd,GPIO_Label,GPIO_ModeDefaultEXTI
PA4.GPIO_Label=KEY_ON
PA4.GPIO_ModeDefaultEXTI=GPIO_MODE_IT_FALLING
PA4.GPIO_PuPd=GPIO_PULLUP
PA4.Locked=true
PA4.Signal=GPXTI4
PA5.GPIOParameters=GPIO_PuPd,GPIO_Label,GPIO_ModeDefaultEXTI
PA5.GPIO_Label=KEY_DOWN
PA5.GPIO_ModeDefaultEXTI=GPIO_MODE_IT_FALLING
PA5.GPIO_PuPd=GPIO_PULLUP
PA5.Locked=true
PA5.Signal=GPXTI5
PA6.GPIOParameters=GPIO_PuPd,GPIO_Label,GPIO_ModeDefaultEXTI
PA6.GPIO_Label=BATT_DET
PA6.GPIO_ModeDefaultEXTI=GPIO_MODE_IT_FALLING
PA6.GPIO_PuPd=GPIO_PULLUP
PA6.Locked=true
PA6.Signal=GPXTI6
PA7.GPIOParameters=GPIO_Label
PA7.GPIO_Label=LED_PWM
PA7.Mode=WaveformGeneration
PA7.Signal=LPTIM1_OUT
PA9.GPIOParameters=GPIO_PuPd,GPIO_Label,GPIO_ModeDefaultOutputPP
PA9.GPIO_Label=CH_SEL1
PA9.GPIO_ModeDefaultOutputPP=GPIO_MODE_OUTPUT_PP
PA9.GPIO_PuPd=GPIO_NOPULL
PA9.Locked=true
PA9.Signal=GPIO_Output
PB1.GPIOParameters=GPIO_Label
PB1.GPIO_Label=L_SENSOR
PB1.Mode=IN9
PB1.Signal=ADC_IN9
PB6.GPIOParameters=GPIO_PuPd
PB6.GPIO_PuPd=GPIO_PULLUP
PB6.Locked=true
PB6.Mode=Asynchronous
PB6.Signal=LPUART1_TX
PB7.GPIOParameters=GPIO_PuPd
PB7.GPIO_PuPd=GPIO_PULLUP
PB7.Locked=true
PB7.Mode=Asynchronous
PB7.Signal=LPUART1_RX
PCC.Checker=true
PCC.Line=STM32L0x1
PCC.MCU=STM32L011F(3-4)Ux
PCC.PartNumber=STM32L011F3Ux
PCC.Seq0=2
PCC.Seq0.Step0.Average_Current=5.45 mA
PCC.Seq0.Step0.CPU_Frequency=32 MHz
PCC.Seq0.Step0.Category=In DS Table
PCC.Seq0.Step0.DMIPS=30.0
PCC.Seq0.Step0.Duration=0.08 ms
PCC.Seq0.Step0.Frequency=16 MHz
PCC.Seq0.Step0.Memory=FLASH/PREFETCH
PCC.Seq0.Step0.Mode=RUN
PCC.Seq0.Step0.Oscillator=HSI PLL2 Flash-ON
PCC.Seq0.Step0.Peripherals=
PCC.Seq0.Step0.TaMax=103.33
PCC.Seq0.Step0.User's_Consumption=0 mA
PCC.Seq0.Step0.Vcore=Range1-High
PCC.Seq0.Step0.Vdd=3.0
PCC.Seq0.Step0.Voltage_Source=Battery
PCC.Seq0.Step1.Average_Current=152.22 \u00B5A
PCC.Seq0.Step1.CPU_Frequency=0 Hz
PCC.Seq0.Step1.Category=Measurements
PCC.Seq0.Step1.DMIPS=0.0
PCC.Seq0.Step1.Duration=1 ms
PCC.Seq0.Step1.Frequency=16 MHz
PCC.Seq0.Step1.Memory=FLASH
PCC.Seq0.Step1.Mode=STOP
PCC.Seq0.Step1.Oscillator=HSI
PCC.Seq0.Step1.Peripherals=GPIOA* GPIOB* LPTIM1\:PA0_100Hz LPUART1
PCC.Seq0.Step1.TaMax=104.95
PCC.Seq0.Step1.User's_Consumption=0 mA
PCC.Seq0.Step1.Vcore=NoRange
PCC.Seq0.Step1.Vdd=3.0
PCC.Seq0.Step1.Voltage_Source=Battery
PCC.Series=STM32L0
PCC.Temperature=25
PCC.Vdd=3.0
PinOutPanel.RotationAngle=0
ProjectManager.AskForMigrate=true
ProjectManager.BackupPrevious=false
ProjectManager.CompilerOptimize=6
ProjectManager.ComputerToolchain=false
ProjectManager.CoupleFile=false
ProjectManager.CustomerFirmwarePackage=
ProjectManager.DefaultFWLocation=true
ProjectManager.DeletePrevious=true
ProjectManager.DeviceId=STM32L011F3Ux
ProjectManager.FirmwarePackage=STM32Cube FW_L0 V1.12.1
ProjectManager.FreePins=false
ProjectManager.HalAssertFull=false
ProjectManager.HeapSize=0x200
ProjectManager.KeepUserCode=true
ProjectManager.LastFirmware=true
ProjectManager.LibraryCopy=1
ProjectManager.MainLocation=Core/Src
ProjectManager.NoMain=false
ProjectManager.PreviousToolchain=STM32CubeIDE
ProjectManager.ProjectBuild=false
ProjectManager.ProjectFileName=Telescope.ioc
ProjectManager.ProjectName=Telescope
ProjectManager.RegisterCallBack=
ProjectManager.StackSize=0x400
ProjectManager.TargetToolchain=STM32CubeIDE
ProjectManager.ToolChainLocation=
ProjectManager.UnderRoot=true
ProjectManager.functionlistsort=1-SystemClock_Config-RCC-false-LL-true,2-MX_GPIO_Init-GPIO-false-HAL-true,3-MX_LPTIM1_Init-LPTIM1-true-HAL-true,4-MX_LPUART1_UART_Init-LPUART1-false-LL-true,5-MX_ADC_Init-ADC-false-LL-true
RCC.ADCFreq_Value=16000000
RCC.AHBFreq_Value=16000000
RCC.APB1Freq_Value=16000000
RCC.APB1TimFreq_Value=16000000
RCC.APB2Freq_Value=16000000
RCC.APB2TimFreq_Value=16000000
RCC.FCLKCortexFreq_Value=16000000
RCC.FamilyName=M
RCC.HCLKFreq_Value=16000000
RCC.HSE_VALUE=8000000
RCC.HSI16_VALUE=16000000
RCC.HSI_VALUE=16000000
RCC.I2C1Freq_Value=16000000
RCC.IPParameters=ADCFreq_Value,AHBFreq_Value,APB1Freq_Value,APB1TimFreq_Value,APB2Freq_Value,APB2TimFreq_Value,FCLKCortexFreq_Value,FamilyName,HCLKFreq_Value,HSE_VALUE,HSI16_VALUE,HSI_VALUE,I2C1Freq_Value,LPTIMFreq_Value,LPUARTFreq_Value,LSE_VALUE,LSI_VALUE,LptimClockSelection,Lpuart1ClockSelection,MCOPinFreq_Value,MSIClockRange,MSI_VALUE,PLLCLKFreq_Value,PLLMUL,PWRFreq_Value,RTCFreq_Value,RTCHSEDivFreq_Value,SYSCLKFreq_VALUE,SYSCLKSource,TIMFreq_Value,TimerFreq_Value,USART2Freq_Value,VCOInputFreq_Value,VCOOutputFreq_Value,WatchDogFreq_Value
RCC.LPTIMFreq_Value=37000
RCC.LPUARTFreq_Value=16000000
RCC.LSE_VALUE=32768
RCC.LSI_VALUE=37000
RCC.LptimClockSelection=RCC_LPTIM1CLKSOURCE_LSI
RCC.Lpuart1ClockSelection=RCC_LPUART1CLKSOURCE_HSI
RCC.MCOPinFreq_Value=16000000
RCC.MSIClockRange=RCC_MSIRANGE_4
RCC.MSI_VALUE=1048000
RCC.PLLCLKFreq_Value=32000000
RCC.PLLMUL=RCC_PLLMUL_4
RCC.PWRFreq_Value=16000000
RCC.RTCFreq_Value=37000
RCC.RTCHSEDivFreq_Value=4000000
RCC.SYSCLKFreq_VALUE=16000000
RCC.SYSCLKSource=RCC_SYSCLKSOURCE_HSI
RCC.TIMFreq_Value=16000000
RCC.TimerFreq_Value=16000000
RCC.USART2Freq_Value=16000000
RCC.VCOInputFreq_Value=16000000
RCC.VCOOutputFreq_Value=64000000
RCC.WatchDogFreq_Value=37000
SH.GPXTI1.0=GPIO_EXTI1
SH.GPXTI1.ConfNb=1
SH.GPXTI4.0=GPIO_EXTI4
SH.GPXTI4.ConfNb=1
SH.GPXTI5.0=GPIO_EXTI5
SH.GPXTI5.ConfNb=1
SH.GPXTI6.0=GPIO_EXTI6
SH.GPXTI6.ConfNb=1
VP_LPTIM1_VS_LPTIM_counterModeInternalClock.Mode=Counts__internal_clock_event_00
VP_LPTIM1_VS_LPTIM_counterModeInternalClock.Signal=LPTIM1_VS_LPTIM_counterModeInternalClock
board=custom
